# This file is generated by running "yarn install" inside your project.
# Manual changes might be lost - proceed with caution!

__metadata:
  version: 6

"@libs/build@workspace:libs/build":
  version: 0.0.0-use.local
  resolution: "@libs/build@workspace:libs/build"
  languageName: unknown
  linkType: soft

"@pkgs/allocator@workspace:^, @pkgs/allocator@workspace:pkgs/allocator":
  version: 0.0.0-use.local
  resolution: "@pkgs/allocator@workspace:pkgs/allocator"
  languageName: unknown
  linkType: soft

"@pkgs/dispatcher@workspace:^, @pkgs/dispatcher@workspace:pkgs/dispatcher":
  version: 0.0.0-use.local
  resolution: "@pkgs/dispatcher@workspace:pkgs/dispatcher"
  languageName: unknown
  linkType: soft

"@pkgs/io_uring@workspace:^, @pkgs/io_uring@workspace:pkgs/io_uring":
  version: 0.0.0-use.local
  resolution: "@pkgs/io_uring@workspace:pkgs/io_uring"
  languageName: unknown
  linkType: soft

"@svcs/compute@workspace:svcs/compute":
  version: 0.0.0-use.local
  resolution: "@svcs/compute@workspace:svcs/compute"
  languageName: unknown
  linkType: soft

"@svsc/store@workspace:svcs/store":
  version: 0.0.0-use.local
  resolution: "@svsc/store@workspace:svcs/store"
  languageName: unknown
  linkType: soft

"@yottastore/yottaStore.js@workspace:.":
  version: 0.0.0-use.local
  resolution: "@yottastore/yottaStore.js@workspace:."
  languageName: unknown
  linkType: soft

"dist@workspace:dist":
  version: 0.0.0-use.local
  resolution: "dist@workspace:dist"
  languageName: unknown
  linkType: soft

"docs@workspace:docs":
  version: 0.0.0-use.local
  resolution: "docs@workspace:docs"
  languageName: unknown
  linkType: soft

"loop@workspace:pkgs/loop":
  version: 0.0.0-use.local
  resolution: "loop@workspace:pkgs/loop"
  dependencies:
    "@pkgs/allocator": "workspace:^"
    "@pkgs/dispatcher": "workspace:^"
    "@pkgs/io_uring": "workspace:^"
  languageName: unknown
  linkType: soft

"nodeEV@workspace:svcs/nodeEV":
  version: 0.0.0-use.local
  resolution: "nodeEV@workspace:svcs/nodeEV"
  languageName: unknown
  linkType: soft
